// !$*UTF8*$!
{
	archiveVersion = 1;
	classes = {
	};
	objectVersion = 48;
	objects = {

/* Begin PBXBuildFile section */
		1509A8FC206A9177004559EB /* Rez.framework in Frameworks */ = {isa = PBXBuildFile; fileRef = 1509A8F2206A9177004559EB /* Rez.framework */; };
		1509A901206A9177004559EB /* RezTests.swift in Sources */ = {isa = PBXBuildFile; fileRef = 1509A900206A9177004559EB /* RezTests.swift */; };
		1509A903206A9177004559EB /* Rez.h in Headers */ = {isa = PBXBuildFile; fileRef = 1509A8F5206A9177004559EB /* Rez.h */; settings = {ATTRIBUTES = (Public, ); }; };
		1509A915206A926D004559EB /* Result.swift in Sources */ = {isa = PBXBuildFile; fileRef = 1509A913206A926C004559EB /* Result.swift */; };
		1509A916206A926D004559EB /* Resource.swift in Sources */ = {isa = PBXBuildFile; fileRef = 1509A914206A926D004559EB /* Resource.swift */; };
		1509A91B206A927F004559EB /* ParsingError.swift in Sources */ = {isa = PBXBuildFile; fileRef = 1509A917206A927E004559EB /* ParsingError.swift */; };
		1509A91C206A927F004559EB /* ResourceLoading.swift in Sources */ = {isa = PBXBuildFile; fileRef = 1509A918206A927E004559EB /* ResourceLoading.swift */; };
		1509A91D206A927F004559EB /* HTTPStatusError.swift in Sources */ = {isa = PBXBuildFile; fileRef = 1509A919206A927E004559EB /* HTTPStatusError.swift */; };
		151DE0392074B9BC00485B8D /* Resource+Decodable.swift in Sources */ = {isa = PBXBuildFile; fileRef = 151DE0382074B9BC00485B8D /* Resource+Decodable.swift */; };
		151DE03B2074B9E200485B8D /* Resource+Image.swift in Sources */ = {isa = PBXBuildFile; fileRef = 151DE03A2074B9E200485B8D /* Resource+Image.swift */; };
		151DE03C2074BC1000485B8D /* Resource+Decodable.swift in Sources */ = {isa = PBXBuildFile; fileRef = 151DE0382074B9BC00485B8D /* Resource+Decodable.swift */; };
		151DE03D2074BC1200485B8D /* Resource+Image.swift in Sources */ = {isa = PBXBuildFile; fileRef = 151DE03A2074B9E200485B8D /* Resource+Image.swift */; };
		152C040620CEC842002B9982 /* TestURLProtocol.swift in Sources */ = {isa = PBXBuildFile; fileRef = 152C040520CEC842002B9982 /* TestURLProtocol.swift */; };
		15533A0420CE998A00282A68 /* ResourceLoader.swift in Sources */ = {isa = PBXBuildFile; fileRef = 15533A0320CE998A00282A68 /* ResourceLoader.swift */; };
		1579CBD620CE9AF500388C22 /* ResourceLoader.swift in Sources */ = {isa = PBXBuildFile; fileRef = 15533A0320CE998A00282A68 /* ResourceLoader.swift */; };
		15D24597206B9AC10090369F /* Result.swift in Sources */ = {isa = PBXBuildFile; fileRef = 1509A913206A926C004559EB /* Result.swift */; };
		15D24598206B9AC10090369F /* Resource.swift in Sources */ = {isa = PBXBuildFile; fileRef = 1509A914206A926D004559EB /* Resource.swift */; };
		15D24599206B9AC10090369F /* ParsingError.swift in Sources */ = {isa = PBXBuildFile; fileRef = 1509A917206A927E004559EB /* ParsingError.swift */; };
		15D2459A206B9AC10090369F /* ResourceLoading.swift in Sources */ = {isa = PBXBuildFile; fileRef = 1509A918206A927E004559EB /* ResourceLoading.swift */; };
		15D2459C206B9AC10090369F /* HTTPStatusError.swift in Sources */ = {isa = PBXBuildFile; fileRef = 1509A919206A927E004559EB /* HTTPStatusError.swift */; };
		15D2459F206B9AC10090369F /* Rez.h in Headers */ = {isa = PBXBuildFile; fileRef = 1509A8F5206A9177004559EB /* Rez.h */; settings = {ATTRIBUTES = (Public, ); }; };
		7992ED4C20C70D2C001F3638 /* ResourceTests.swift in Sources */ = {isa = PBXBuildFile; fileRef = 7992ED4B20C70D2C001F3638 /* ResourceTests.swift */; };
		7992ED5020C7116C001F3638 /* TestResource.txt in Resources */ = {isa = PBXBuildFile; fileRef = 7992ED4D20C70E60001F3638 /* TestResource.txt */; };
		7992ED5120C7118B001F3638 /* TestResource.txt in Resources */ = {isa = PBXBuildFile; fileRef = 7992ED4D20C70E60001F3638 /* TestResource.txt */; };
		7992ED5520C71467001F3638 /* TestImage.png in Resources */ = {isa = PBXBuildFile; fileRef = 7992ED5420C71467001F3638 /* TestImage.png */; };
		7992ED5720C71993001F3638 /* TestJSONResource.json in Resources */ = {isa = PBXBuildFile; fileRef = 7992ED5620C71993001F3638 /* TestJSONResource.json */; };
		7992ED5920C71A06001F3638 /* TestResource.swift in Sources */ = {isa = PBXBuildFile; fileRef = 7992ED5820C71A06001F3638 /* TestResource.swift */; };
		7992ED5B20C71A70001F3638 /* TestJSONResource.swift in Sources */ = {isa = PBXBuildFile; fileRef = 7992ED5A20C71A70001F3638 /* TestJSONResource.swift */; };
		7992ED5D20C71B61001F3638 /* TestJSONResourceBroken.json in Resources */ = {isa = PBXBuildFile; fileRef = 7992ED5C20C71B60001F3638 /* TestJSONResourceBroken.json */; };
/* End PBXBuildFile section */

/* Begin PBXContainerItemProxy section */
		1509A8FD206A9177004559EB /* PBXContainerItemProxy */ = {
			isa = PBXContainerItemProxy;
			containerPortal = 1509A8E9206A9177004559EB /* Project object */;
			proxyType = 1;
			remoteGlobalIDString = 1509A8F1206A9177004559EB;
			remoteInfo = Rez;
		};
/* End PBXContainerItemProxy section */

/* Begin PBXFileReference section */
		1509A8F2206A9177004559EB /* Rez.framework */ = {isa = PBXFileReference; explicitFileType = wrapper.framework; includeInIndex = 0; path = Rez.framework; sourceTree = BUILT_PRODUCTS_DIR; };
		1509A8F5206A9177004559EB /* Rez.h */ = {isa = PBXFileReference; lastKnownFileType = sourcecode.c.h; path = Rez.h; sourceTree = "<group>"; };
		1509A8F6206A9177004559EB /* Info.plist */ = {isa = PBXFileReference; lastKnownFileType = text.plist.xml; path = Info.plist; sourceTree = "<group>"; };
		1509A8FB206A9177004559EB /* RezTests.xctest */ = {isa = PBXFileReference; explicitFileType = wrapper.cfbundle; includeInIndex = 0; path = RezTests.xctest; sourceTree = BUILT_PRODUCTS_DIR; };
		1509A900206A9177004559EB /* RezTests.swift */ = {isa = PBXFileReference; lastKnownFileType = sourcecode.swift; path = RezTests.swift; sourceTree = "<group>"; };
		1509A902206A9177004559EB /* Info.plist */ = {isa = PBXFileReference; lastKnownFileType = text.plist.xml; path = Info.plist; sourceTree = "<group>"; };
		1509A90D206A9198004559EB /* Rez.xcconfig */ = {isa = PBXFileReference; fileEncoding = 4; lastKnownFileType = text.xcconfig; path = Rez.xcconfig; sourceTree = "<group>"; };
		1509A90E206A9198004559EB /* Debug.xcconfig */ = {isa = PBXFileReference; fileEncoding = 4; lastKnownFileType = text.xcconfig; path = Debug.xcconfig; sourceTree = "<group>"; };
		1509A90F206A9198004559EB /* Release.xcconfig */ = {isa = PBXFileReference; fileEncoding = 4; lastKnownFileType = text.xcconfig; path = Release.xcconfig; sourceTree = "<group>"; };
		1509A913206A926C004559EB /* Result.swift */ = {isa = PBXFileReference; fileEncoding = 4; lastKnownFileType = sourcecode.swift; path = Result.swift; sourceTree = "<group>"; };
		1509A914206A926D004559EB /* Resource.swift */ = {isa = PBXFileReference; fileEncoding = 4; lastKnownFileType = sourcecode.swift; path = Resource.swift; sourceTree = "<group>"; };
		1509A917206A927E004559EB /* ParsingError.swift */ = {isa = PBXFileReference; fileEncoding = 4; lastKnownFileType = sourcecode.swift; path = ParsingError.swift; sourceTree = "<group>"; };
		1509A918206A927E004559EB /* ResourceLoading.swift */ = {isa = PBXFileReference; fileEncoding = 4; lastKnownFileType = sourcecode.swift; path = ResourceLoading.swift; sourceTree = "<group>"; };
		1509A919206A927E004559EB /* HTTPStatusError.swift */ = {isa = PBXFileReference; fileEncoding = 4; lastKnownFileType = sourcecode.swift; path = HTTPStatusError.swift; sourceTree = "<group>"; };
		151DE0382074B9BC00485B8D /* Resource+Decodable.swift */ = {isa = PBXFileReference; lastKnownFileType = sourcecode.swift; path = "Resource+Decodable.swift"; sourceTree = "<group>"; };
		151DE03A2074B9E200485B8D /* Resource+Image.swift */ = {isa = PBXFileReference; lastKnownFileType = sourcecode.swift; path = "Resource+Image.swift"; sourceTree = "<group>"; };
		152C040520CEC842002B9982 /* TestURLProtocol.swift */ = {isa = PBXFileReference; lastKnownFileType = sourcecode.swift; path = TestURLProtocol.swift; sourceTree = "<group>"; };
		15533A0320CE998A00282A68 /* ResourceLoader.swift */ = {isa = PBXFileReference; lastKnownFileType = sourcecode.swift; path = ResourceLoader.swift; sourceTree = "<group>"; };
		15D245A7206B9AC10090369F /* Rez.framework */ = {isa = PBXFileReference; explicitFileType = wrapper.framework; includeInIndex = 0; path = Rez.framework; sourceTree = BUILT_PRODUCTS_DIR; };
		7992ED4B20C70D2C001F3638 /* ResourceTests.swift */ = {isa = PBXFileReference; lastKnownFileType = sourcecode.swift; path = ResourceTests.swift; sourceTree = "<group>"; };
		7992ED4D20C70E60001F3638 /* TestResource.txt */ = {isa = PBXFileReference; fileEncoding = 4; lastKnownFileType = text; path = TestResource.txt; sourceTree = "<group>"; };
		7992ED5420C71467001F3638 /* TestImage.png */ = {isa = PBXFileReference; lastKnownFileType = image.png; path = TestImage.png; sourceTree = "<group>"; };
		7992ED5620C71993001F3638 /* TestJSONResource.json */ = {isa = PBXFileReference; fileEncoding = 4; lastKnownFileType = text.json; path = TestJSONResource.json; sourceTree = "<group>"; };
		7992ED5820C71A06001F3638 /* TestResource.swift */ = {isa = PBXFileReference; lastKnownFileType = sourcecode.swift; path = TestResource.swift; sourceTree = "<group>"; };
		7992ED5A20C71A70001F3638 /* TestJSONResource.swift */ = {isa = PBXFileReference; lastKnownFileType = sourcecode.swift; path = TestJSONResource.swift; sourceTree = "<group>"; };
		7992ED5C20C71B60001F3638 /* TestJSONResourceBroken.json */ = {isa = PBXFileReference; fileEncoding = 4; lastKnownFileType = text.json; name = TestJSONResourceBroken.json; path = RezTests/Resources/TestJSONResourceBroken.json; sourceTree = SOURCE_ROOT; };
/* End PBXFileReference section */

/* Begin PBXFrameworksBuildPhase section */
		1509A8EE206A9177004559EB /* Frameworks */ = {
			isa = PBXFrameworksBuildPhase;
			buildActionMask = 2147483647;
			files = (
			);
			runOnlyForDeploymentPostprocessing = 0;
		};
		1509A8F8206A9177004559EB /* Frameworks */ = {
			isa = PBXFrameworksBuildPhase;
			buildActionMask = 2147483647;
			files = (
				1509A8FC206A9177004559EB /* Rez.framework in Frameworks */,
			);
			runOnlyForDeploymentPostprocessing = 0;
		};
		15D2459D206B9AC10090369F /* Frameworks */ = {
			isa = PBXFrameworksBuildPhase;
			buildActionMask = 2147483647;
			files = (
			);
			runOnlyForDeploymentPostprocessing = 0;
		};
/* End PBXFrameworksBuildPhase section */

/* Begin PBXGroup section */
		1509A8E8206A9177004559EB = {
			isa = PBXGroup;
			children = (
				1509A90C206A9198004559EB /* Configuration */,
				1509A8F4206A9177004559EB /* Sources */,
				1509A8FF206A9177004559EB /* RezTests */,
				1509A8F3206A9177004559EB /* Products */,
			);
			sourceTree = "<group>";
		};
		1509A8F3206A9177004559EB /* Products */ = {
			isa = PBXGroup;
			children = (
				1509A8F2206A9177004559EB /* Rez.framework */,
				1509A8FB206A9177004559EB /* RezTests.xctest */,
				15D245A7206B9AC10090369F /* Rez.framework */,
			);
			name = Products;
			sourceTree = "<group>";
		};
		1509A8F4206A9177004559EB /* Sources */ = {
			isa = PBXGroup;
			children = (
				1509A8F5206A9177004559EB /* Rez.h */,
				1509A8F6206A9177004559EB /* Info.plist */,
				1509A921206A92D0004559EB /* Error */,
				1509A922206A92DC004559EB /* ResourceLoading */,
				7950D5C020C71E6000FD41F5 /* Resource */,
				1509A913206A926C004559EB /* Result.swift */,
			);
			path = Sources;
			sourceTree = "<group>";
		};
		1509A8FF206A9177004559EB /* RezTests */ = {
			isa = PBXGroup;
			children = (
				1509A902206A9177004559EB /* Info.plist */,
				7992ED5220C711C7001F3638 /* Helpers */,
				7992ED4F20C71109001F3638 /* Resources */,
				7992ED5320C711D8001F3638 /* Tests */,
			);
			path = RezTests;
			sourceTree = "<group>";
		};
		1509A90C206A9198004559EB /* Configuration */ = {
			isa = PBXGroup;
			children = (
				1509A90D206A9198004559EB /* Rez.xcconfig */,
				1509A90E206A9198004559EB /* Debug.xcconfig */,
				1509A90F206A9198004559EB /* Release.xcconfig */,
			);
			path = Configuration;
			sourceTree = "<group>";
		};
		1509A921206A92D0004559EB /* Error */ = {
			isa = PBXGroup;
			children = (
				1509A917206A927E004559EB /* ParsingError.swift */,
				1509A919206A927E004559EB /* HTTPStatusError.swift */,
			);
			path = Error;
			sourceTree = "<group>";
		};
		1509A922206A92DC004559EB /* ResourceLoading */ = {
			isa = PBXGroup;
			children = (
				1509A918206A927E004559EB /* ResourceLoading.swift */,
				15533A0320CE998A00282A68 /* ResourceLoader.swift */,
			);
			path = ResourceLoading;
			sourceTree = "<group>";
		};
		7950D5C020C71E6000FD41F5 /* Resource */ = {
			isa = PBXGroup;
			children = (
				1509A914206A926D004559EB /* Resource.swift */,
				151DE0382074B9BC00485B8D /* Resource+Decodable.swift */,
				151DE03A2074B9E200485B8D /* Resource+Image.swift */,
			);
			path = Resource;
			sourceTree = "<group>";
		};
		7992ED4F20C71109001F3638 /* Resources */ = {
			isa = PBXGroup;
			children = (
				7992ED4D20C70E60001F3638 /* TestResource.txt */,
				7992ED5620C71993001F3638 /* TestJSONResource.json */,
				7992ED5C20C71B60001F3638 /* TestJSONResourceBroken.json */,
				7992ED5420C71467001F3638 /* TestImage.png */,
			);
			path = Resources;
			sourceTree = "<group>";
		};
		7992ED5220C711C7001F3638 /* Helpers */ = {
			isa = PBXGroup;
			children = (
				1509A900206A9177004559EB /* RezTests.swift */,
				7992ED5820C71A06001F3638 /* TestResource.swift */,
				7992ED5A20C71A70001F3638 /* TestJSONResource.swift */,
				152C040520CEC842002B9982 /* TestURLProtocol.swift */,
			);
			path = Helpers;
			sourceTree = "<group>";
		};
		7992ED5320C711D8001F3638 /* Tests */ = {
			isa = PBXGroup;
			children = (
				7992ED4B20C70D2C001F3638 /* ResourceTests.swift */,
			);
			path = Tests;
			sourceTree = "<group>";
		};
/* End PBXGroup section */

/* Begin PBXHeadersBuildPhase section */
		1509A8EF206A9177004559EB /* Headers */ = {
			isa = PBXHeadersBuildPhase;
			buildActionMask = 2147483647;
			files = (
				1509A903206A9177004559EB /* Rez.h in Headers */,
			);
			runOnlyForDeploymentPostprocessing = 0;
		};
		15D2459E206B9AC10090369F /* Headers */ = {
			isa = PBXHeadersBuildPhase;
			buildActionMask = 2147483647;
			files = (
				15D2459F206B9AC10090369F /* Rez.h in Headers */,
			);
			runOnlyForDeploymentPostprocessing = 0;
		};
/* End PBXHeadersBuildPhase section */

/* Begin PBXNativeTarget section */
		1509A8F1206A9177004559EB /* Rez_macOS */ = {
			isa = PBXNativeTarget;
			buildConfigurationList = 1509A906206A9177004559EB /* Build configuration list for PBXNativeTarget "Rez_macOS" */;
			buildPhases = (
				1509A8ED206A9177004559EB /* Sources */,
				1509A8EE206A9177004559EB /* Frameworks */,
				1509A8EF206A9177004559EB /* Headers */,
				1509A8F0206A9177004559EB /* Resources */,
			);
			buildRules = (
			);
			dependencies = (
			);
			name = Rez_macOS;
			productName = Rez;
			productReference = 1509A8F2206A9177004559EB /* Rez.framework */;
			productType = "com.apple.product-type.framework";
		};
		1509A8FA206A9177004559EB /* RezTests */ = {
			isa = PBXNativeTarget;
			buildConfigurationList = 1509A909206A9177004559EB /* Build configuration list for PBXNativeTarget "RezTests" */;
			buildPhases = (
				1509A8F7206A9177004559EB /* Sources */,
				1509A8F8206A9177004559EB /* Frameworks */,
				1509A8F9206A9177004559EB /* Resources */,
			);
			buildRules = (
			);
			dependencies = (
				1509A8FE206A9177004559EB /* PBXTargetDependency */,
			);
			name = RezTests;
			productName = RezTests;
			productReference = 1509A8FB206A9177004559EB /* RezTests.xctest */;
			productType = "com.apple.product-type.bundle.unit-test";
		};
		15D24595206B9AC10090369F /* Rez_iOS */ = {
			isa = PBXNativeTarget;
			buildConfigurationList = 15D245A4206B9AC10090369F /* Build configuration list for PBXNativeTarget "Rez_iOS" */;
			buildPhases = (
				15D24596206B9AC10090369F /* Sources */,
				15D2459D206B9AC10090369F /* Frameworks */,
				15D2459E206B9AC10090369F /* Headers */,
				15D245A0206B9AC10090369F /* Resources */,
			);
			buildRules = (
			);
			dependencies = (
			);
			name = Rez_iOS;
			productName = Rez;
			productReference = 15D245A7206B9AC10090369F /* Rez.framework */;
			productType = "com.apple.product-type.framework";
		};
/* End PBXNativeTarget section */

/* Begin PBXProject section */
		1509A8E9206A9177004559EB /* Project object */ = {
			isa = PBXProject;
			attributes = {
				LastSwiftUpdateCheck = 0920;
				LastUpgradeCheck = 0930;
				ORGANIZATIONNAME = "Richard Nees";
				TargetAttributes = {
					1509A8F1206A9177004559EB = {
						CreatedOnToolsVersion = 9.2;
						LastSwiftMigration = 1000;
						ProvisioningStyle = Manual;
					};
					1509A8FA206A9177004559EB = {
						CreatedOnToolsVersion = 9.2;
						LastSwiftMigration = 1000;
						ProvisioningStyle = Automatic;
					};
					15D24595206B9AC10090369F = {
						ProvisioningStyle = Manual;
					};
				};
			};
			buildConfigurationList = 1509A8EC206A9177004559EB /* Build configuration list for PBXProject "Rez" */;
			compatibilityVersion = "Xcode 8.0";
			developmentRegion = en;
			hasScannedForEncodings = 0;
			knownRegions = (
				en,
			);
			mainGroup = 1509A8E8206A9177004559EB;
			productRefGroup = 1509A8F3206A9177004559EB /* Products */;
			projectDirPath = "";
			projectRoot = "";
			targets = (
				1509A8F1206A9177004559EB /* Rez_macOS */,
				15D24595206B9AC10090369F /* Rez_iOS */,
				1509A8FA206A9177004559EB /* RezTests */,
			);
		};
/* End PBXProject section */

/* Begin PBXResourcesBuildPhase section */
		1509A8F0206A9177004559EB /* Resources */ = {
			isa = PBXResourcesBuildPhase;
			buildActionMask = 2147483647;
			files = (
				7992ED5120C7118B001F3638 /* TestResource.txt in Resources */,
			);
			runOnlyForDeploymentPostprocessing = 0;
		};
		1509A8F9206A9177004559EB /* Resources */ = {
			isa = PBXResourcesBuildPhase;
			buildActionMask = 2147483647;
			files = (
				7992ED5020C7116C001F3638 /* TestResource.txt in Resources */,
				7992ED5520C71467001F3638 /* TestImage.png in Resources */,
				7992ED5D20C71B61001F3638 /* TestJSONResourceBroken.json in Resources */,
				7992ED5720C71993001F3638 /* TestJSONResource.json in Resources */,
			);
			runOnlyForDeploymentPostprocessing = 0;
		};
		15D245A0206B9AC10090369F /* Resources */ = {
			isa = PBXResourcesBuildPhase;
			buildActionMask = 2147483647;
			files = (
			);
			runOnlyForDeploymentPostprocessing = 0;
		};
/* End PBXResourcesBuildPhase section */

/* Begin PBXSourcesBuildPhase section */
		1509A8ED206A9177004559EB /* Sources */ = {
			isa = PBXSourcesBuildPhase;
			buildActionMask = 2147483647;
			files = (
				1509A915206A926D004559EB /* Result.swift in Sources */,
				1509A916206A926D004559EB /* Resource.swift in Sources */,
				1509A91B206A927F004559EB /* ParsingError.swift in Sources */,
				1509A91C206A927F004559EB /* ResourceLoading.swift in Sources */,
				151DE0392074B9BC00485B8D /* Resource+Decodable.swift in Sources */,
				151DE03B2074B9E200485B8D /* Resource+Image.swift in Sources */,
				1509A91D206A927F004559EB /* HTTPStatusError.swift in Sources */,
				15533A0420CE998A00282A68 /* ResourceLoader.swift in Sources */,
			);
			runOnlyForDeploymentPostprocessing = 0;
		};
		1509A8F7206A9177004559EB /* Sources */ = {
			isa = PBXSourcesBuildPhase;
			buildActionMask = 2147483647;
			files = (
				7992ED5920C71A06001F3638 /* TestResource.swift in Sources */,
				152C040620CEC842002B9982 /* TestURLProtocol.swift in Sources */,
				7992ED4C20C70D2C001F3638 /* ResourceTests.swift in Sources */,
				1509A901206A9177004559EB /* RezTests.swift in Sources */,
				7992ED5B20C71A70001F3638 /* TestJSONResource.swift in Sources */,
			);
			runOnlyForDeploymentPostprocessing = 0;
		};
		15D24596206B9AC10090369F /* Sources */ = {
			isa = PBXSourcesBuildPhase;
			buildActionMask = 2147483647;
			files = (
				15D24597206B9AC10090369F /* Result.swift in Sources */,
				15D24598206B9AC10090369F /* Resource.swift in Sources */,
				15D24599206B9AC10090369F /* ParsingError.swift in Sources */,
				15D2459A206B9AC10090369F /* ResourceLoading.swift in Sources */,
				151DE03C2074BC1000485B8D /* Resource+Decodable.swift in Sources */,
				151DE03D2074BC1200485B8D /* Resource+Image.swift in Sources */,
				1579CBD620CE9AF500388C22 /* ResourceLoader.swift in Sources */,
				15D2459C206B9AC10090369F /* HTTPStatusError.swift in Sources */,
			);
			runOnlyForDeploymentPostprocessing = 0;
		};
/* End PBXSourcesBuildPhase section */

/* Begin PBXTargetDependency section */
		1509A8FE206A9177004559EB /* PBXTargetDependency */ = {
			isa = PBXTargetDependency;
			target = 1509A8F1206A9177004559EB /* Rez_macOS */;
			targetProxy = 1509A8FD206A9177004559EB /* PBXContainerItemProxy */;
		};
/* End PBXTargetDependency section */

/* Begin XCBuildConfiguration section */
		1509A904206A9177004559EB /* Debug */ = {
			isa = XCBuildConfiguration;
			baseConfigurationReference = 1509A90E206A9198004559EB /* Debug.xcconfig */;
			buildSettings = {
			};
			name = Debug;
		};
		1509A905206A9177004559EB /* Release */ = {
			isa = XCBuildConfiguration;
			baseConfigurationReference = 1509A90F206A9198004559EB /* Release.xcconfig */;
			buildSettings = {
			};
			name = Release;
		};
		1509A907206A9177004559EB /* Debug */ = {
			isa = XCBuildConfiguration;
			baseConfigurationReference = 1509A90D206A9198004559EB /* Rez.xcconfig */;
			buildSettings = {
				PRODUCT_NAME = Rez;
				SDKROOT = macosx;
				SUPPORTED_PLATFORMS = macosx;
			};
			name = Debug;
		};
		1509A908206A9177004559EB /* Release */ = {
			isa = XCBuildConfiguration;
			baseConfigurationReference = 1509A90D206A9198004559EB /* Rez.xcconfig */;
			buildSettings = {
				PRODUCT_NAME = Rez;
				SDKROOT = macosx;
				SUPPORTED_PLATFORMS = macosx;
			};
			name = Release;
		};
		1509A90A206A9177004559EB /* Debug */ = {
			isa = XCBuildConfiguration;
			buildSettings = {
				ALWAYS_EMBED_SWIFT_STANDARD_LIBRARIES = YES;
				CODE_SIGN_STYLE = Automatic;
				COMBINE_HIDPI_IMAGES = YES;
				INFOPLIST_FILE = RezTests/Info.plist;
				LD_RUNPATH_SEARCH_PATHS = "$(inherited) @executable_path/../Frameworks @loader_path/../Frameworks";
				PRODUCT_BUNDLE_IDENTIFIER = com.richardnees.RezTests;
				PRODUCT_NAME = "$(TARGET_NAME)";
				SWIFT_VERSION = 4.2;
			};
			name = Debug;
		};
		1509A90B206A9177004559EB /* Release */ = {
			isa = XCBuildConfiguration;
			buildSettings = {
				ALWAYS_EMBED_SWIFT_STANDARD_LIBRARIES = YES;
				CODE_SIGN_STYLE = Automatic;
				COMBINE_HIDPI_IMAGES = YES;
				INFOPLIST_FILE = RezTests/Info.plist;
				LD_RUNPATH_SEARCH_PATHS = "$(inherited) @executable_path/../Frameworks @loader_path/../Frameworks";
				PRODUCT_BUNDLE_IDENTIFIER = com.richardnees.RezTests;
				PRODUCT_NAME = "$(TARGET_NAME)";
				SWIFT_VERSION = 4.2;
			};
			name = Release;
		};
		15D245A5206B9AC10090369F /* Debug */ = {
			isa = XCBuildConfiguration;
			baseConfigurationReference = 1509A90D206A9198004559EB /* Rez.xcconfig */;
			buildSettings = {
				PRODUCT_NAME = Rez;
				SDKROOT = iphoneos;
				SUPPORTED_PLATFORMS = "iphonesimulator iphoneos";
				TARGETED_DEVICE_FAMILY = "1,2";
			};
			name = Debug;
		};
		15D245A6206B9AC10090369F /* Release */ = {
			isa = XCBuildConfiguration;
			baseConfigurationReference = 1509A90D206A9198004559EB /* Rez.xcconfig */;
			buildSettings = {
				PRODUCT_NAME = Rez;
				SDKROOT = iphoneos;
				SUPPORTED_PLATFORMS = "iphonesimulator iphoneos";
				TARGETED_DEVICE_FAMILY = "1,2";
			};
			name = Release;
		};
/* End XCBuildConfiguration section */

/* Begin XCConfigurationList section */
		1509A8EC206A9177004559EB /* Build configuration list for PBXProject "Rez" */ = {
			isa = XCConfigurationList;
			buildConfigurations = (
				1509A904206A9177004559EB /* Debug */,
				1509A905206A9177004559EB /* Release */,
			);
			defaultConfigurationIsVisible = 0;
			defaultConfigurationName = Release;
		};
		1509A906206A9177004559EB /* Build configuration list for PBXNativeTarget "Rez_macOS" */ = {
			isa = XCConfigurationList;
			buildConfigurations = (
				1509A907206A9177004559EB /* Debug */,
				1509A908206A9177004559EB /* Release */,
			);
			defaultConfigurationIsVisible = 0;
			defaultConfigurationName = Release;
		};
		1509A909206A9177004559EB /* Build configuration list for PBXNativeTarget "RezTests" */ = {
			isa = XCConfigurationList;
			buildConfigurations = (
				1509A90A206A9177004559EB /* Debug */,
				1509A90B206A9177004559EB /* Release */,
			);
			defaultConfigurationIsVisible = 0;
			defaultConfigurationName = Release;
		};
		15D245A4206B9AC10090369F /* Build configuration list for PBXNativeTarget "Rez_iOS" */ = {
			isa = XCConfigurationList;
			buildConfigurations = (
				15D245A5206B9AC10090369F /* Debug */,
				15D245A6206B9AC10090369F /* Release */,
			);
			defaultConfigurationIsVisible = 0;
			defaultConfigurationName = Release;
		};
/* End XCConfigurationList section */
	};
	rootObject = 1509A8E9206A9177004559EB /* Project object */;
}
